
Microsoft Visual Studio Solution File, Format Version 12.00
# Visual Studio Version 17
VisualStudioVersion = 17.3.32922.545
MinimumVisualStudioVersion = 10.0.40219.1
Project("{FAE04EC0-301F-11D3-BF4B-00C04F79EFBC}") = "RealEstate", "RealEstate\RealEstate.csproj", "{388796EB-F95C-4BFA-8C20-259A7C96EC67}"
EndProject
Global
	GlobalSection(SolutionConfigurationPlatforms) = preSolution
		Debug|Any CPU = Debug|Any CPU
		Release|Any CPU = Release|Any CPU
	EndGlobalSection
	GlobalSection(ProjectConfigurationPlatforms) = postSolution
		{388796EB-F95C-4BFA-8C20-259A7C96EC67}.Debug|Any CPU.ActiveCfg = Debug|Any CPU
		{388796EB-F95C-4BFA-8C20-259A7C96EC67}.Debug|Any CPU.Build.0 = Debug|Any CPU
		{388796EB-F95C-4BFA-8C20-259A7C96EC67}.Release|Any CPU.ActiveCfg = Release|Any CPU
		{388796EB-F95C-4BFA-8C20-259A7C96EC67}.Release|Any CPU.Build.0 = Release|Any CPU
	EndGlobalSection
	GlobalSection(SolutionProperties) = preSolution
		HideSolutionNode = FALSE
	EndGlobalSection
	GlobalSection(ExtensibilityGlobals) = postSolution
		SolutionGuid = {05599D34-E641-4735-99F8-6095F882E40A}
	EndGlobalSection
EndGlobal
